// !$*UTF8*$!
{
	archiveVersion = 1;
	classes = {
	};
	objectVersion = 56;
	objects = {

/* Begin PBXBuildFile section */
		04F09F1645FCA11F385B05A6 /* StateViews.swift in Sources */ = {isa = PBXBuildFile; fileRef = 602B65177A363C53AD91A495 /* StateViews.swift */; };
		088325F4B8290D1BFEBCF3B7 /* AddMediaView.swift in Sources */ = {isa = PBXBuildFile; fileRef = AB47E7E728B76DBBBBBB9A6E /* AddMediaView.swift */; };
		15A9DB7B71ED262083E59E56 /* MediaStorage.swift in Sources */ = {isa = PBXBuildFile; fileRef = E2F79D5798C35D8E8B7B2E32 /* MediaStorage.swift */; };
		182536EC64472223FB2CE73F /* ReportsView.swift in Sources */ = {isa = PBXBuildFile; fileRef = 90CAD3069A8E8C964EA0C8F1 /* ReportsView.swift */; };
		185278575EE8F9F4E1A52953 /* EditEventView.swift in Sources */ = {isa = PBXBuildFile; fileRef = 1DDECA4A6A92ACAC9526AB08 /* EditEventView.swift */; };
		1FD7C58852A09C28859150A2 /* MediaUploadService.swift in Sources */ = {isa = PBXBuildFile; fileRef = C7B3E3FBDB548D66EC98EB76 /* MediaUploadService.swift */; };
		258F346FDA0B5B167C9E804C /* DiscoverView.swift in Sources */ = {isa = PBXBuildFile; fileRef = A5AFCD32736E62820F818286 /* DiscoverView.swift */; };
		348B302AD4AB0DDFF25B93C9 /* AuthView.swift in Sources */ = {isa = PBXBuildFile; fileRef = E8C3EB1A15D8792E9EF0DB86 /* AuthView.swift */; };
		3BFFE82576AFBBC90D056360 /* Keychain.swift in Sources */ = {isa = PBXBuildFile; fileRef = ABB53F8568C310D10926BC8C /* Keychain.swift */; };
		54A26F0E9B21B2059DCC4359 /* AvatarCropView.swift in Sources */ = {isa = PBXBuildFile; fileRef = CBABA57FD3C054301D9494B2 /* AvatarCropView.swift */; };
		58C562635179A97399443DB9 /* ReportSheet.swift in Sources */ = {isa = PBXBuildFile; fileRef = 068B82EF3E750252E58EB7E6 /* ReportSheet.swift */; };
		5B2E20E06C4ED14145E3BBAE /* SavedView.swift in Sources */ = {isa = PBXBuildFile; fileRef = E45735CBE3370FCB5A5858FD /* SavedView.swift */; };
		5D0FCE5473DFCA7BAE1F90CA /* AuthService.swift in Sources */ = {isa = PBXBuildFile; fileRef = 467EC698C312D14C6578CA2B /* AuthService.swift */; };
		5FB94CA6944C9A96A33E7C27 /* Theme.swift in Sources */ = {isa = PBXBuildFile; fileRef = C2EE57FC0A78D2C968D4E1F4 /* Theme.swift */; };
		60259896A0554E4A47E27489 /* ManageMediaView.swift in Sources */ = {isa = PBXBuildFile; fileRef = 3AB897C14CC634197E30531F /* ManageMediaView.swift */; };
		6C2300DAA882DD230B0F93B2 /* EventDetailView.swift in Sources */ = {isa = PBXBuildFile; fileRef = 8BA0F53027D9BA96BDA23918 /* EventDetailView.swift */; };
		7347B0FED346F97CA3CF4C26 /* ReportService.swift in Sources */ = {isa = PBXBuildFile; fileRef = 2D317ACD738B6386928257BE /* ReportService.swift */; };
		7453267DC824C26100E3580A /* FollowingFeedView.swift in Sources */ = {isa = PBXBuildFile; fileRef = F7B6F3DEEAC529A95FA9725D /* FollowingFeedView.swift */; };
		7A41416FFCB94F6DBC0FFE88 /* ProfileView.swift in Sources */ = {isa = PBXBuildFile; fileRef = 34A83BC1A57A3979C2BFF8BF /* ProfileView.swift */; };
		7CA33BE24D7F6B7396CA53BC /* AppModel.swift in Sources */ = {isa = PBXBuildFile; fileRef = 1133F97AF61BAD1F4CA8BBCA /* AppModel.swift */; };
		7FE55D201B093AFEB2AD51F1 /* TokenHolder.swift in Sources */ = {isa = PBXBuildFile; fileRef = BF2B61D0381BC3C5FDF75B04 /* TokenHolder.swift */; };
		88510F369E3D062BC322FCE0 /* VideoThumbnailGenerator.swift in Sources */ = {isa = PBXBuildFile; fileRef = 9D58C988DAC62E7CBB938BC8 /* VideoThumbnailGenerator.swift */; };
		A5598E400BE58C9D2FE3A54D /* CreatorProfileView.swift in Sources */ = {isa = PBXBuildFile; fileRef = 7051A1DC2AC05D637C7C43FA /* CreatorProfileView.swift */; };
		A79F7D24FD3C8F549D09BEB1 /* EventMediaImporter.swift in Sources */ = {isa = PBXBuildFile; fileRef = 360667205F4D158D7894DF4E /* EventMediaImporter.swift */; };
		A7F3E840DBADEE01105D6547 /* RootTabView.swift in Sources */ = {isa = PBXBuildFile; fileRef = B7F2B9404C82FFB11FFDF942 /* RootTabView.swift */; };
		ABD5CE3C20EE51396966AB46 /* InTheMomentApp.swift in Sources */ = {isa = PBXBuildFile; fileRef = 71F38CFEE702E3E79AB67DF0 /* InTheMomentApp.swift */; };
		B0EC2EC6661C93F1636E2701 /* MyEventsView.swift in Sources */ = {isa = PBXBuildFile; fileRef = 16F355E818EB52D3EEAF6F8A /* MyEventsView.swift */; };
		BB64B78F39F187B45F3A5036 /* MediaGridView.swift in Sources */ = {isa = PBXBuildFile; fileRef = 9521F5C49316F72399A455C0 /* MediaGridView.swift */; };
		BF0F38E542782DBE6AB343CC /* CreateEventView.swift in Sources */ = {isa = PBXBuildFile; fileRef = F7381D0E26B62B02E4560FC0 /* CreateEventView.swift */; };
		C9C46327562FD78E3816B360 /* MediaDownloader.swift in Sources */ = {isa = PBXBuildFile; fileRef = 9EE65B240B4C800ECD4E02C7 /* MediaDownloader.swift */; };
		D3B2AF360C688E4E652061F9 /* InTheMomentCore in Frameworks */ = {isa = PBXBuildFile; productRef = 716831AE086562F6D682ECBB /* InTheMomentCore */; };
		D61A56B3AE42E33FA3717F4A /* CreatorEventDetailView.swift in Sources */ = {isa = PBXBuildFile; fileRef = 1336F4C0EC31E3A6F248E0E5 /* CreatorEventDetailView.swift */; };
		E5C4ED6965E49869ED3A4663 /* MediaDetailView.swift in Sources */ = {isa = PBXBuildFile; fileRef = DD0CB5FA0C3205CFC5B1E4E5 /* MediaDetailView.swift */; };
		F0A682B2E1B23012B77B81F8 /* RemoteImage.swift in Sources */ = {isa = PBXBuildFile; fileRef = C3465A93144DF379E6615704 /* RemoteImage.swift */; };
		F2F5B5E2C074C0FCB5C03672 /* ContentUnavailableViewCompat.swift in Sources */ = {isa = PBXBuildFile; fileRef = 3FEDDAEA7025E3A344780DEB /* ContentUnavailableViewCompat.swift */; };
		F4555B63014DB0528A3A6265 /* Assets.xcassets in Resources */ = {isa = PBXBuildFile; fileRef = 2E515F91AFBC93E6EF0DFFBB /* Assets.xcassets */; };
		F49B5F517442387FD3D94A6E /* AppConfig.swift in Sources */ = {isa = PBXBuildFile; fileRef = B5C6863958425A02FEC0ECEB /* AppConfig.swift */; };
		F82F179D1CD71860C44E8D93 /* CreatorsView.swift in Sources */ = {isa = PBXBuildFile; fileRef = 5E7FC62A1ABA04144F785BBF /* CreatorsView.swift */; };
		FCA2087D61EE97427DC8C14D /* CommentsSection.swift in Sources */ = {isa = PBXBuildFile; fileRef = ECBED565D3DA7C036BCDAB13 /* CommentsSection.swift */; };
/* End PBXBuildFile section */

/* Begin PBXFileReference section */
		068B82EF3E750252E58EB7E6 /* ReportSheet.swift */ = {isa = PBXFileReference; lastKnownFileType = sourcecode.swift; path = ReportSheet.swift; sourceTree = "<group>"; };
		1133F97AF61BAD1F4CA8BBCA /* AppModel.swift */ = {isa = PBXFileReference; lastKnownFileType = sourcecode.swift; path = AppModel.swift; sourceTree = "<group>"; };
		1336F4C0EC31E3A6F248E0E5 /* CreatorEventDetailView.swift */ = {isa = PBXFileReference; lastKnownFileType = sourcecode.swift; path = CreatorEventDetailView.swift; sourceTree = "<group>"; };
		16F355E818EB52D3EEAF6F8A /* MyEventsView.swift */ = {isa = PBXFileReference; lastKnownFileType = sourcecode.swift; path = MyEventsView.swift; sourceTree = "<group>"; };
		1DDECA4A6A92ACAC9526AB08 /* EditEventView.swift */ = {isa = PBXFileReference; lastKnownFileType = sourcecode.swift; path = EditEventView.swift; sourceTree = "<group>"; };
		2D317ACD738B6386928257BE /* ReportService.swift */ = {isa = PBXFileReference; lastKnownFileType = sourcecode.swift; path = ReportService.swift; sourceTree = "<group>"; };
		2E515F91AFBC93E6EF0DFFBB /* Assets.xcassets */ = {isa = PBXFileReference; lastKnownFileType = folder.assetcatalog; path = Assets.xcassets; sourceTree = "<group>"; };
		34A83BC1A57A3979C2BFF8BF /* ProfileView.swift */ = {isa = PBXFileReference; lastKnownFileType = sourcecode.swift; path = ProfileView.swift; sourceTree = "<group>"; };
		360667205F4D158D7894DF4E /* EventMediaImporter.swift */ = {isa = PBXFileReference; lastKnownFileType = sourcecode.swift; path = EventMediaImporter.swift; sourceTree = "<group>"; };
		3AB897C14CC634197E30531F /* ManageMediaView.swift */ = {isa = PBXFileReference; lastKnownFileType = sourcecode.swift; path = ManageMediaView.swift; sourceTree = "<group>"; };
		3FEDDAEA7025E3A344780DEB /* ContentUnavailableViewCompat.swift */ = {isa = PBXFileReference; lastKnownFileType = sourcecode.swift; path = ContentUnavailableViewCompat.swift; sourceTree = "<group>"; };
		467EC698C312D14C6578CA2B /* AuthService.swift */ = {isa = PBXFileReference; lastKnownFileType = sourcecode.swift; path = AuthService.swift; sourceTree = "<group>"; };
		5E7FC62A1ABA04144F785BBF /* CreatorsView.swift */ = {isa = PBXFileReference; lastKnownFileType = sourcecode.swift; path = CreatorsView.swift; sourceTree = "<group>"; };
		602B65177A363C53AD91A495 /* StateViews.swift */ = {isa = PBXFileReference; lastKnownFileType = sourcecode.swift; path = StateViews.swift; sourceTree = "<group>"; };
		640FCDA751E26FC0E14B7E39 /* Info.plist */ = {isa = PBXFileReference; lastKnownFileType = text.plist; path = Info.plist; sourceTree = "<group>"; };
		7051A1DC2AC05D637C7C43FA /* CreatorProfileView.swift */ = {isa = PBXFileReference; lastKnownFileType = sourcecode.swift; path = CreatorProfileView.swift; sourceTree = "<group>"; };
		71F38CFEE702E3E79AB67DF0 /* InTheMomentApp.swift */ = {isa = PBXFileReference; lastKnownFileType = sourcecode.swift; path = InTheMomentApp.swift; sourceTree = "<group>"; };
		82767A536B5865B775F3AFEA /* InTheMoment.app */ = {isa = PBXFileReference; includeInIndex = 0; lastKnownFileType = wrapper.application; path = InTheMoment.app; sourceTree = BUILT_PRODUCTS_DIR; };
		8BA0F53027D9BA96BDA23918 /* EventDetailView.swift */ = {isa = PBXFileReference; lastKnownFileType = sourcecode.swift; path = EventDetailView.swift; sourceTree = "<group>"; };
		90CAD3069A8E8C964EA0C8F1 /* ReportsView.swift */ = {isa = PBXFileReference; lastKnownFileType = sourcecode.swift; path = ReportsView.swift; sourceTree = "<group>"; };
		93BF23AC92286C99E0B4E967 /* inthemoment-app */ = {isa = PBXFileReference; lastKnownFileType = folder; name = "inthemoment-app"; path = .; sourceTree = SOURCE_ROOT; };
		9521F5C49316F72399A455C0 /* MediaGridView.swift */ = {isa = PBXFileReference; lastKnownFileType = sourcecode.swift; path = MediaGridView.swift; sourceTree = "<group>"; };
		9D58C988DAC62E7CBB938BC8 /* VideoThumbnailGenerator.swift */ = {isa = PBXFileReference; lastKnownFileType = sourcecode.swift; path = VideoThumbnailGenerator.swift; sourceTree = "<group>"; };
		9EE65B240B4C800ECD4E02C7 /* MediaDownloader.swift */ = {isa = PBXFileReference; lastKnownFileType = sourcecode.swift; path = MediaDownloader.swift; sourceTree = "<group>"; };
		A5AFCD32736E62820F818286 /* DiscoverView.swift */ = {isa = PBXFileReference; lastKnownFileType = sourcecode.swift; path = DiscoverView.swift; sourceTree = "<group>"; };
		AB47E7E728B76DBBBBBB9A6E /* AddMediaView.swift */ = {isa = PBXFileReference; lastKnownFileType = sourcecode.swift; path = AddMediaView.swift; sourceTree = "<group>"; };
		ABB53F8568C310D10926BC8C /* Keychain.swift */ = {isa = PBXFileReference; lastKnownFileType = sourcecode.swift; path = Keychain.swift; sourceTree = "<group>"; };
		B5C6863958425A02FEC0ECEB /* AppConfig.swift */ = {isa = PBXFileReference; lastKnownFileType = sourcecode.swift; path = AppConfig.swift; sourceTree = "<group>"; };
		B7F2B9404C82FFB11FFDF942 /* RootTabView.swift */ = {isa = PBXFileReference; lastKnownFileType = sourcecode.swift; path = RootTabView.swift; sourceTree = "<group>"; };
		BF2B61D0381BC3C5FDF75B04 /* TokenHolder.swift */ = {isa = PBXFileReference; lastKnownFileType = sourcecode.swift; path = TokenHolder.swift; sourceTree = "<group>"; };
		C2EE57FC0A78D2C968D4E1F4 /* Theme.swift */ = {isa = PBXFileReference; lastKnownFileType = sourcecode.swift; path = Theme.swift; sourceTree = "<group>"; };
		C3465A93144DF379E6615704 /* RemoteImage.swift */ = {isa = PBXFileReference; lastKnownFileType = sourcecode.swift; path = RemoteImage.swift; sourceTree = "<group>"; };
		C7B3E3FBDB548D66EC98EB76 /* MediaUploadService.swift */ = {isa = PBXFileReference; lastKnownFileType = sourcecode.swift; path = MediaUploadService.swift; sourceTree = "<group>"; };
		CBABA57FD3C054301D9494B2 /* AvatarCropView.swift */ = {isa = PBXFileReference; lastKnownFileType = sourcecode.swift; path = AvatarCropView.swift; sourceTree = "<group>"; };
		DD0CB5FA0C3205CFC5B1E4E5 /* MediaDetailView.swift */ = {isa = PBXFileReference; lastKnownFileType = sourcecode.swift; path = MediaDetailView.swift; sourceTree = "<group>"; };
		E2F79D5798C35D8E8B7B2E32 /* MediaStorage.swift */ = {isa = PBXFileReference; lastKnownFileType = sourcecode.swift; path = MediaStorage.swift; sourceTree = "<group>"; };
		E45735CBE3370FCB5A5858FD /* SavedView.swift */ = {isa = PBXFileReference; lastKnownFileType = sourcecode.swift; path = SavedView.swift; sourceTree = "<group>"; };
		E8C3EB1A15D8792E9EF0DB86 /* AuthView.swift */ = {isa = PBXFileReference; lastKnownFileType = sourcecode.swift; path = AuthView.swift; sourceTree = "<group>"; };
		ECBED565D3DA7C036BCDAB13 /* CommentsSection.swift */ = {isa = PBXFileReference; lastKnownFileType = sourcecode.swift; path = CommentsSection.swift; sourceTree = "<group>"; };
		F7381D0E26B62B02E4560FC0 /* CreateEventView.swift */ = {isa = PBXFileReference; lastKnownFileType = sourcecode.swift; path = CreateEventView.swift; sourceTree = "<group>"; };
		F7B6F3DEEAC529A95FA9725D /* FollowingFeedView.swift */ = {isa = PBXFileReference; lastKnownFileType = sourcecode.swift; path = FollowingFeedView.swift; sourceTree = "<group>"; };
/* End PBXFileReference section */

/* Begin PBXFrameworksBuildPhase section */
		B1D2451D90A29695C99E5377 /* Frameworks */ = {
			isa = PBXFrameworksBuildPhase;
			buildActionMask = 2147483647;
			files = (
				D3B2AF360C688E4E652061F9 /* InTheMomentCore in Frameworks */,
			);
			runOnlyForDeploymentPostprocessing = 0;
		};
/* End PBXFrameworksBuildPhase section */

/* Begin PBXGroup section */
		08051B145DF8FAEE8B466CDB /* Products */ = {
			isa = PBXGroup;
			children = (
				82767A536B5865B775F3AFEA /* InTheMoment.app */,
			);
			name = Products;
			sourceTree = "<group>";
		};
		173C88EE1B4E058E14437BEE /* Following */ = {
			isa = PBXGroup;
			children = (
				F7B6F3DEEAC529A95FA9725D /* FollowingFeedView.swift */,
			);
			path = Following;
			sourceTree = "<group>";
		};
		2B4EF0E54174AB151A6B7DD8 /* InTheMoment */ = {
			isa = PBXGroup;
			children = (
				B5C6863958425A02FEC0ECEB /* AppConfig.swift */,
				1133F97AF61BAD1F4CA8BBCA /* AppModel.swift */,
				2E515F91AFBC93E6EF0DFFBB /* Assets.xcassets */,
				640FCDA751E26FC0E14B7E39 /* Info.plist */,
				71F38CFEE702E3E79AB67DF0 /* InTheMomentApp.swift */,
				C2EE57FC0A78D2C968D4E1F4 /* Theme.swift */,
				CBAE7653E3C5F6482ACFD733 /* Services */,
				436C9063B9A813FA80FBD062 /* Views */,
			);
			path = InTheMoment;
			sourceTree = "<group>";
		};
		3D4457F8B5088EC9E0A5ECA4 /* Event */ = {
			isa = PBXGroup;
			children = (
				ECBED565D3DA7C036BCDAB13 /* CommentsSection.swift */,
				8BA0F53027D9BA96BDA23918 /* EventDetailView.swift */,
				DD0CB5FA0C3205CFC5B1E4E5 /* MediaDetailView.swift */,
				9521F5C49316F72399A455C0 /* MediaGridView.swift */,
			);
			path = Event;
			sourceTree = "<group>";
		};
		4130201579F36042F2BCD1A2 /* Profile */ = {
			isa = PBXGroup;
			children = (
				CBABA57FD3C054301D9494B2 /* AvatarCropView.swift */,
				7051A1DC2AC05D637C7C43FA /* CreatorProfileView.swift */,
				34A83BC1A57A3979C2BFF8BF /* ProfileView.swift */,
				90CAD3069A8E8C964EA0C8F1 /* ReportsView.swift */,
			);
			path = Profile;
			sourceTree = "<group>";
		};
		436C9063B9A813FA80FBD062 /* Views */ = {
			isa = PBXGroup;
			children = (
				B7F2B9404C82FFB11FFDF942 /* RootTabView.swift */,
				6874DC6B79DC142F812F5364 /* Auth */,
				D0317E94D0F1F669ECEB4729 /* Components */,
				EA1732051C152E4896B7B0F9 /* Creator */,
				A245E8E3958C9B46921AE99B /* Creators */,
				B4C84FC6EECBDB755122C724 /* Discover */,
				3D4457F8B5088EC9E0A5ECA4 /* Event */,
				173C88EE1B4E058E14437BEE /* Following */,
				4130201579F36042F2BCD1A2 /* Profile */,
				EACCEDA2419F0EFE95AAA365 /* Saved */,
			);
			path = Views;
			sourceTree = "<group>";
		};
		477097BF78070102EB18C3BA /* Packages */ = {
			isa = PBXGroup;
			children = (
				93BF23AC92286C99E0B4E967 /* inthemoment-app */,
			);
			name = Packages;
			sourceTree = "<group>";
		};
		4B2C61A8C6AD53679DCDAED3 = {
			isa = PBXGroup;
			children = (
				782588F5F44FBCEE00CB378A /* App */,
				477097BF78070102EB18C3BA /* Packages */,
				08051B145DF8FAEE8B466CDB /* Products */,
			);
			sourceTree = "<group>";
		};
		6874DC6B79DC142F812F5364 /* Auth */ = {
			isa = PBXGroup;
			children = (
				E8C3EB1A15D8792E9EF0DB86 /* AuthView.swift */,
			);
			path = Auth;
			sourceTree = "<group>";
		};
		782588F5F44FBCEE00CB378A /* App */ = {
			isa = PBXGroup;
			children = (
				2B4EF0E54174AB151A6B7DD8 /* InTheMoment */,
			);
			path = App;
			sourceTree = "<group>";
		};
		A245E8E3958C9B46921AE99B /* Creators */ = {
			isa = PBXGroup;
			children = (
				5E7FC62A1ABA04144F785BBF /* CreatorsView.swift */,
			);
			path = Creators;
			sourceTree = "<group>";
		};
		B4C84FC6EECBDB755122C724 /* Discover */ = {
			isa = PBXGroup;
			children = (
				A5AFCD32736E62820F818286 /* DiscoverView.swift */,
			);
			path = Discover;
			sourceTree = "<group>";
		};
		CBAE7653E3C5F6482ACFD733 /* Services */ = {
			isa = PBXGroup;
			children = (
				467EC698C312D14C6578CA2B /* AuthService.swift */,
				360667205F4D158D7894DF4E /* EventMediaImporter.swift */,
				ABB53F8568C310D10926BC8C /* Keychain.swift */,
				9EE65B240B4C800ECD4E02C7 /* MediaDownloader.swift */,
				E2F79D5798C35D8E8B7B2E32 /* MediaStorage.swift */,
				C7B3E3FBDB548D66EC98EB76 /* MediaUploadService.swift */,
				2D317ACD738B6386928257BE /* ReportService.swift */,
				BF2B61D0381BC3C5FDF75B04 /* TokenHolder.swift */,
				9D58C988DAC62E7CBB938BC8 /* VideoThumbnailGenerator.swift */,
			);
			path = Services;
			sourceTree = "<group>";
		};
		D0317E94D0F1F669ECEB4729 /* Components */ = {
			isa = PBXGroup;
			children = (
				3FEDDAEA7025E3A344780DEB /* ContentUnavailableViewCompat.swift */,
				C3465A93144DF379E6615704 /* RemoteImage.swift */,
				068B82EF3E750252E58EB7E6 /* ReportSheet.swift */,
				602B65177A363C53AD91A495 /* StateViews.swift */,
			);
			path = Components;
			sourceTree = "<group>";
		};
		EA1732051C152E4896B7B0F9 /* Creator */ = {
			isa = PBXGroup;
			children = (
				AB47E7E728B76DBBBBBB9A6E /* AddMediaView.swift */,
				F7381D0E26B62B02E4560FC0 /* CreateEventView.swift */,
				1336F4C0EC31E3A6F248E0E5 /* CreatorEventDetailView.swift */,
				1DDECA4A6A92ACAC9526AB08 /* EditEventView.swift */,
				3AB897C14CC634197E30531F /* ManageMediaView.swift */,
				16F355E818EB52D3EEAF6F8A /* MyEventsView.swift */,
			);
			path = Creator;
			sourceTree = "<group>";
		};
		EACCEDA2419F0EFE95AAA365 /* Saved */ = {
			isa = PBXGroup;
			children = (
				E45735CBE3370FCB5A5858FD /* SavedView.swift */,
			);
			path = Saved;
			sourceTree = "<group>";
		};
/* End PBXGroup section */

/* Begin PBXNativeTarget section */
		D1E963992EC1C1F51F114744 /* InTheMoment */ = {
			isa = PBXNativeTarget;
			buildConfigurationList = 78E59BDE870FDDC354231EF2 /* Build configuration list for PBXNativeTarget "InTheMoment" */;
			buildPhases = (
				AB319FB930AF91E1A0DC9A89 /* Sources */,
				490321D7839F0E1C6F343675 /* Resources */,
				B1D2451D90A29695C99E5377 /* Frameworks */,
			);
			buildRules = (
			);
			dependencies = (
			);
			name = InTheMoment;
			packageProductDependencies = (
				716831AE086562F6D682ECBB /* InTheMomentCore */,
			);
			productName = InTheMoment;
			productReference = 82767A536B5865B775F3AFEA /* InTheMoment.app */;
			productType = "com.apple.product-type.application";
		};
/* End PBXNativeTarget section */

/* Begin PBXProject section */
		0E5ED3356B956497164A2AC6 /* Project object */ = {
			isa = PBXProject;
			attributes = {
				BuildIndependentTargetsInParallel = YES;
				LastUpgradeCheck = 1600;
				TargetAttributes = {
				};
			};
			buildConfigurationList = 03AF3ECE9D2DC96D4898412A /* Build configuration list for PBXProject "InTheMoment" */;
			compatibilityVersion = "Xcode 14.0";
			developmentRegion = en;
			hasScannedForEncodings = 0;
			knownRegions = (
				Base,
				en,
			);
			mainGroup = 4B2C61A8C6AD53679DCDAED3;
			minimizedProjectReferenceProxies = 1;
			packageReferences = (
				6C1A3A6BE4B1FAC5BC614AED /* XCLocalSwiftPackageReference "." */,
			);
			productRefGroup = 08051B145DF8FAEE8B466CDB /* Products */;
			projectDirPath = "";
			projectRoot = "";
			targets = (
				D1E963992EC1C1F51F114744 /* InTheMoment */,
			);
		};
/* End PBXProject section */

/* Begin PBXResourcesBuildPhase section */
		490321D7839F0E1C6F343675 /* Resources */ = {
			isa = PBXResourcesBuildPhase;
			buildActionMask = 2147483647;
			files = (
				F4555B63014DB0528A3A6265 /* Assets.xcassets in Resources */,
			);
			runOnlyForDeploymentPostprocessing = 0;
		};
/* End PBXResourcesBuildPhase section */

/* Begin PBXSourcesBuildPhase section */
		AB319FB930AF91E1A0DC9A89 /* Sources */ = {
			isa = PBXSourcesBuildPhase;
			buildActionMask = 2147483647;
			files = (
				088325F4B8290D1BFEBCF3B7 /* AddMediaView.swift in Sources */,
				F49B5F517442387FD3D94A6E /* AppConfig.swift in Sources */,
				7CA33BE24D7F6B7396CA53BC /* AppModel.swift in Sources */,
				5D0FCE5473DFCA7BAE1F90CA /* AuthService.swift in Sources */,
				348B302AD4AB0DDFF25B93C9 /* AuthView.swift in Sources */,
				54A26F0E9B21B2059DCC4359 /* AvatarCropView.swift in Sources */,
				FCA2087D61EE97427DC8C14D /* CommentsSection.swift in Sources */,
				F2F5B5E2C074C0FCB5C03672 /* ContentUnavailableViewCompat.swift in Sources */,
				BF0F38E542782DBE6AB343CC /* CreateEventView.swift in Sources */,
				D61A56B3AE42E33FA3717F4A /* CreatorEventDetailView.swift in Sources */,
				A5598E400BE58C9D2FE3A54D /* CreatorProfileView.swift in Sources */,
				F82F179D1CD71860C44E8D93 /* CreatorsView.swift in Sources */,
				258F346FDA0B5B167C9E804C /* DiscoverView.swift in Sources */,
				185278575EE8F9F4E1A52953 /* EditEventView.swift in Sources */,
				6C2300DAA882DD230B0F93B2 /* EventDetailView.swift in Sources */,
				A79F7D24FD3C8F549D09BEB1 /* EventMediaImporter.swift in Sources */,
				7453267DC824C26100E3580A /* FollowingFeedView.swift in Sources */,
				ABD5CE3C20EE51396966AB46 /* InTheMomentApp.swift in Sources */,
				3BFFE82576AFBBC90D056360 /* Keychain.swift in Sources */,
				60259896A0554E4A47E27489 /* ManageMediaView.swift in Sources */,
				E5C4ED6965E49869ED3A4663 /* MediaDetailView.swift in Sources */,
				C9C46327562FD78E3816B360 /* MediaDownloader.swift in Sources */,
				BB64B78F39F187B45F3A5036 /* MediaGridView.swift in Sources */,
				15A9DB7B71ED262083E59E56 /* MediaStorage.swift in Sources */,
				1FD7C58852A09C28859150A2 /* MediaUploadService.swift in Sources */,
				B0EC2EC6661C93F1636E2701 /* MyEventsView.swift in Sources */,
				7A41416FFCB94F6DBC0FFE88 /* ProfileView.swift in Sources */,
				F0A682B2E1B23012B77B81F8 /* RemoteImage.swift in Sources */,
				7347B0FED346F97CA3CF4C26 /* ReportService.swift in Sources */,
				58C562635179A97399443DB9 /* ReportSheet.swift in Sources */,
				182536EC64472223FB2CE73F /* ReportsView.swift in Sources */,
				A7F3E840DBADEE01105D6547 /* RootTabView.swift in Sources */,
				5B2E20E06C4ED14145E3BBAE /* SavedView.swift in Sources */,
				04F09F1645FCA11F385B05A6 /* StateViews.swift in Sources */,
				5FB94CA6944C9A96A33E7C27 /* Theme.swift in Sources */,
				7FE55D201B093AFEB2AD51F1 /* TokenHolder.swift in Sources */,
				88510F369E3D062BC322FCE0 /* VideoThumbnailGenerator.swift in Sources */,
			);
			runOnlyForDeploymentPostprocessing = 0;
		};
/* End PBXSourcesBuildPhase section */

/* Begin XCBuildConfiguration section */
		059888BD59C52145288F7F8D /* Debug */ = {
			isa = XCBuildConfiguration;
			buildSettings = {
				ALWAYS_SEARCH_USER_PATHS = NO;
				CLANG_ANALYZER_NONNULL = YES;
				CLANG_ANALYZER_NUMBER_OBJECT_CONVERSION = YES_AGGRESSIVE;
				CLANG_CXX_LANGUAGE_STANDARD = "gnu++14";
				CLANG_CXX_LIBRARY = "libc++";
				CLANG_ENABLE_MODULES = YES;
				CLANG_ENABLE_OBJC_ARC = YES;
				CLANG_ENABLE_OBJC_WEAK = YES;
				CLANG_WARN_BLOCK_CAPTURE_AUTORELEASING = YES;
				CLANG_WARN_BOOL_CONVERSION = YES;
				CLANG_WARN_COMMA = YES;
				CLANG_WARN_CONSTANT_CONVERSION = YES;
				CLANG_WARN_DEPRECATED_OBJC_IMPLEMENTATIONS = YES;
				CLANG_WARN_DIRECT_OBJC_ISA_USAGE = YES_ERROR;
				CLANG_WARN_DOCUMENTATION_COMMENTS = YES;
				CLANG_WARN_EMPTY_BODY = YES;
				CLANG_WARN_ENUM_CONVERSION = YES;
				CLANG_WARN_INFINITE_RECURSION = YES;
				CLANG_WARN_INT_CONVERSION = YES;
				CLANG_WARN_NON_LITERAL_NULL_CONVERSION = YES;
				CLANG_WARN_OBJC_IMPLICIT_RETAIN_SELF = YES;
				CLANG_WARN_OBJC_LITERAL_CONVERSION = YES;
				CLANG_WARN_OBJC_ROOT_CLASS = YES_ERROR;
				CLANG_WARN_QUOTED_INCLUDE_IN_FRAMEWORK_HEADER = YES;
				CLANG_WARN_RANGE_LOOP_ANALYSIS = YES;
				CLANG_WARN_STRICT_PROTOTYPES = YES;
				CLANG_WARN_SUSPICIOUS_MOVE = YES;
				CLANG_WARN_UNGUARDED_AVAILABILITY = YES_AGGRESSIVE;
				CLANG_WARN_UNREACHABLE_CODE = YES;
				CLANG_WARN__DUPLICATE_METHOD_MATCH = YES;
				COPY_PHASE_STRIP = NO;
				DEBUG_INFORMATION_FORMAT = dwarf;
				ENABLE_STRICT_OBJC_MSGSEND = YES;
				ENABLE_TESTABILITY = YES;
				GCC_C_LANGUAGE_STANDARD = gnu11;
				GCC_DYNAMIC_NO_PIC = NO;
				GCC_NO_COMMON_BLOCKS = YES;
				GCC_OPTIMIZATION_LEVEL = 0;
				GCC_PREPROCESSOR_DEFINITIONS = (
					"$(inherited)",
					"DEBUG=1",
				);
				GCC_WARN_64_TO_32_BIT_CONVERSION = YES;
				GCC_WARN_ABOUT_RETURN_TYPE = YES_ERROR;
				GCC_WARN_UNDECLARED_SELECTOR = YES;
				GCC_WARN_UNINITIALIZED_AUTOS = YES_AGGRESSIVE;
				GCC_WARN_UNUSED_FUNCTION = YES;
				GCC_WARN_UNUSED_VARIABLE = YES;
				IPHONEOS_DEPLOYMENT_TARGET = 16.0;
				MTL_ENABLE_DEBUG_INFO = INCLUDE_SOURCE;
				MTL_FAST_MATH = YES;
				ONLY_ACTIVE_ARCH = YES;
				PRODUCT_NAME = "$(TARGET_NAME)";
				SDKROOT = iphoneos;
				SWIFT_ACTIVE_COMPILATION_CONDITIONS = DEBUG;
				SWIFT_OPTIMIZATION_LEVEL = "-Onone";
				SWIFT_VERSION = 5.0;
			};
			name = Debug;
		};
		6702E651B77EB81C94999818 /* Debug */ = {
			isa = XCBuildConfiguration;
			buildSettings = {
				ASSETCATALOG_COMPILER_APPICON_NAME = AppIcon;
				CODE_SIGN_IDENTITY = "iPhone Developer";
				CURRENT_PROJECT_VERSION = 1;
				ENABLE_USER_SCRIPT_SANDBOXING = YES;
				INFOPLIST_FILE = App/InTheMoment/Info.plist;
				LD_RUNPATH_SEARCH_PATHS = (
					"$(inherited)",
					"@executable_path/Frameworks",
				);
				MARKETING_VERSION = 0.1.0;
				PRODUCT_BUNDLE_IDENTIFIER = com.inthemoment.app;
				SDKROOT = iphoneos;
				SWIFT_VERSION = 5.9;
				TARGETED_DEVICE_FAMILY = "1,2";
			};
			name = Debug;
		};
		78DA953EDC16DE8BBAEDB256 /* Release */ = {
			isa = XCBuildConfiguration;
			buildSettings = {
				ASSETCATALOG_COMPILER_APPICON_NAME = AppIcon;
				CODE_SIGN_IDENTITY = "iPhone Developer";
				CURRENT_PROJECT_VERSION = 1;
				ENABLE_USER_SCRIPT_SANDBOXING = YES;
				INFOPLIST_FILE = App/InTheMoment/Info.plist;
				LD_RUNPATH_SEARCH_PATHS = (
					"$(inherited)",
					"@executable_path/Frameworks",
				);
				MARKETING_VERSION = 0.1.0;
				PRODUCT_BUNDLE_IDENTIFIER = com.inthemoment.app;
				SDKROOT = iphoneos;
				SWIFT_VERSION = 5.9;
				TARGETED_DEVICE_FAMILY = "1,2";
			};
			name = Release;
		};
		AD843D884F6E76CDDAF126FE /* Release */ = {
			isa = XCBuildConfiguration;
			buildSettings = {
				ALWAYS_SEARCH_USER_PATHS = NO;
				CLANG_ANALYZER_NONNULL = YES;
				CLANG_ANALYZER_NUMBER_OBJECT_CONVERSION = YES_AGGRESSIVE;
				CLANG_CXX_LANGUAGE_STANDARD = "gnu++14";
				CLANG_CXX_LIBRARY = "libc++";
				CLANG_ENABLE_MODULES = YES;
				CLANG_ENABLE_OBJC_ARC = YES;
				CLANG_ENABLE_OBJC_WEAK = YES;
				CLANG_WARN_BLOCK_CAPTURE_AUTORELEASING = YES;
				CLANG_WARN_BOOL_CONVERSION = YES;
				CLANG_WARN_COMMA = YES;
				CLANG_WARN_CONSTANT_CONVERSION = YES;
				CLANG_WARN_DEPRECATED_OBJC_IMPLEMENTATIONS = YES;
				CLANG_WARN_DIRECT_OBJC_ISA_USAGE = YES_ERROR;
				CLANG_WARN_DOCUMENTATION_COMMENTS = YES;
				CLANG_WARN_EMPTY_BODY = YES;
				CLANG_WARN_ENUM_CONVERSION = YES;
				CLANG_WARN_INFINITE_RECURSION = YES;
				CLANG_WARN_INT_CONVERSION = YES;
				CLANG_WARN_NON_LITERAL_NULL_CONVERSION = YES;
				CLANG_WARN_OBJC_IMPLICIT_RETAIN_SELF = YES;
				CLANG_WARN_OBJC_LITERAL_CONVERSION = YES;
				CLANG_WARN_OBJC_ROOT_CLASS = YES_ERROR;
				CLANG_WARN_QUOTED_INCLUDE_IN_FRAMEWORK_HEADER = YES;
				CLANG_WARN_RANGE_LOOP_ANALYSIS = YES;
				CLANG_WARN_STRICT_PROTOTYPES = YES;
				CLANG_WARN_SUSPICIOUS_MOVE = YES;
				CLANG_WARN_UNGUARDED_AVAILABILITY = YES_AGGRESSIVE;
				CLANG_WARN_UNREACHABLE_CODE = YES;
				CLANG_WARN__DUPLICATE_METHOD_MATCH = YES;
				COPY_PHASE_STRIP = NO;
				DEBUG_INFORMATION_FORMAT = "dwarf-with-dsym";
				ENABLE_NS_ASSERTIONS = NO;
				ENABLE_STRICT_OBJC_MSGSEND = YES;
				GCC_C_LANGUAGE_STANDARD = gnu11;
				GCC_NO_COMMON_BLOCKS = YES;
				GCC_WARN_64_TO_32_BIT_CONVERSION = YES;
				GCC_WARN_ABOUT_RETURN_TYPE = YES_ERROR;
				GCC_WARN_UNDECLARED_SELECTOR = YES;
				GCC_WARN_UNINITIALIZED_AUTOS = YES_AGGRESSIVE;
				GCC_WARN_UNUSED_FUNCTION = YES;
				GCC_WARN_UNUSED_VARIABLE = YES;
				IPHONEOS_DEPLOYMENT_TARGET = 16.0;
				MTL_ENABLE_DEBUG_INFO = NO;
				MTL_FAST_MATH = YES;
				PRODUCT_NAME = "$(TARGET_NAME)";
				SDKROOT = iphoneos;
				SWIFT_COMPILATION_MODE = wholemodule;
				SWIFT_OPTIMIZATION_LEVEL = "-O";
				SWIFT_VERSION = 5.0;
			};
			name = Release;
		};
/* End XCBuildConfiguration section */

/* Begin XCConfigurationList section */
		03AF3ECE9D2DC96D4898412A /* Build configuration list for PBXProject "InTheMoment" */ = {
			isa = XCConfigurationList;
			buildConfigurations = (
				059888BD59C52145288F7F8D /* Debug */,
				AD843D884F6E76CDDAF126FE /* Release */,
			);
			defaultConfigurationIsVisible = 0;
			defaultConfigurationName = Debug;
		};
		78E59BDE870FDDC354231EF2 /* Build configuration list for PBXNativeTarget "InTheMoment" */ = {
			isa = XCConfigurationList;
			buildConfigurations = (
				6702E651B77EB81C94999818 /* Debug */,
				78DA953EDC16DE8BBAEDB256 /* Release */,
			);
			defaultConfigurationIsVisible = 0;
			defaultConfigurationName = Debug;
		};
/* End XCConfigurationList section */

/* Begin XCLocalSwiftPackageReference section */
		6C1A3A6BE4B1FAC5BC614AED /* XCLocalSwiftPackageReference "." */ = {
			isa = XCLocalSwiftPackageReference;
			relativePath = .;
		};
/* End XCLocalSwiftPackageReference section */

/* Begin XCSwiftPackageProductDependency section */
		716831AE086562F6D682ECBB /* InTheMomentCore */ = {
			isa = XCSwiftPackageProductDependency;
			productName = InTheMomentCore;
		};
/* End XCSwiftPackageProductDependency section */
	};
	rootObject = 0E5ED3356B956497164A2AC6 /* Project object */;
}
